
Microsoft Visual Studio Solution File, Format Version 12.00
# Visual Studio Version 16
VisualStudioVersion = 16.0.30804.86
MinimumVisualStudioVersion = 10.0.40219.1
Project("{FAE04EC0-301F-11D3-BF4B-00C04F79EFBC}") = "WPFDemo", "WPFDemo\WPFDemo.csproj", "{ADFC542B-92D0-4778-B1A7-5D32BFF29D85}"
EndProject
Global
	GlobalSection(SolutionConfigurationPlatforms) = preSolution
		Debug|Any CPU = Debug|Any CPU
		Release|Any CPU = Release|Any CPU
	EndGlobalSection
	GlobalSection(ProjectConfigurationPlatforms) = postSolution
		{ADFC542B-92D0-4778-B1A7-5D32BFF29D85}.Debug|Any CPU.ActiveCfg = Debug|Any CPU
		{ADFC542B-92D0-4778-B1A7-5D32BFF29D85}.Debug|Any CPU.Build.0 = Debug|Any CPU
		{ADFC542B-92D0-4778-B1A7-5D32BFF29D85}.Release|Any CPU.ActiveCfg = Release|Any CPU
		{ADFC542B-92D0-4778-B1A7-5D32BFF29D85}.Release|Any CPU.Build.0 = Release|Any CPU
	EndGlobalSection
	GlobalSection(SolutionProperties) = preSolution
		HideSolutionNode = FALSE
	EndGlobalSection
	GlobalSection(ExtensibilityGlobals) = postSolution
		SolutionGuid = {ED55B46A-5DA3-494C-8231-740B60883E5A}
	EndGlobalSection
EndGlobal
